
Microsoft Visual Studio Solution File, Format Version 12.00
# 
Project("{FAE04EC0-301F-11D3-BF4B-00C04F79EFBC}") = "BarberShopWeb1", "BarberShopWeb1\BarberShopWeb1.csproj", "{8F11B8F5-6A0C-4B0E-99B7-6F1C55488435}"
EndProject
Project("{FAE04EC0-301F-11D3-BF4B-00C04F79EFBC}") = "BarberShopMobile", "BarberShopMobile\BarberShopMobile.csproj", "{C90EAA24-2908-4F81-81DA-FF9FE386C2C5}"
EndProject
Global
	GlobalSection(SolutionConfigurationPlatforms) = preSolution
		Debug|Any CPU = Debug|Any CPU
		Release|Any CPU = Release|Any CPU
	EndGlobalSection
	GlobalSection(ProjectConfigurationPlatforms) = postSolution
		{8F11B8F5-6A0C-4B0E-99B7-6F1C55488435}.Debug|Any CPU.ActiveCfg = Debug|Any CPU
		{8F11B8F5-6A0C-4B0E-99B7-6F1C55488435}.Debug|Any CPU.Build.0 = Debug|Any CPU
		{8F11B8F5-6A0C-4B0E-99B7-6F1C55488435}.Release|Any CPU.ActiveCfg = Release|Any CPU
		{8F11B8F5-6A0C-4B0E-99B7-6F1C55488435}.Release|Any CPU.Build.0 = Release|Any CPU
		{C90EAA24-2908-4F81-81DA-FF9FE386C2C5}.Debug|Any CPU.ActiveCfg = Debug|Any CPU
		{C90EAA24-2908-4F81-81DA-FF9FE386C2C5}.Debug|Any CPU.Build.0 = Debug|Any CPU
		{C90EAA24-2908-4F81-81DA-FF9FE386C2C5}.Release|Any CPU.ActiveCfg = Release|Any CPU
		{C90EAA24-2908-4F81-81DA-FF9FE386C2C5}.Release|Any CPU.Build.0 = Release|Any CPU
	EndGlobalSection
EndGlobal
